
Microsoft Visual Studio Solution File, Format Version 12.00
# Visual Studio 15
VisualStudioVersion = 15.0.25428.1
MinimumVisualStudioVersion = 10.0.40219.1
Project("{2150E333-8FDC-42A3-9474-1A3956D46DE8}") = "__Do_Not_Publish", "__Do_Not_Publish", "{B3D515C1-8316-41FD-BAD1-5B80E57D26CB}"
EndProject
Project("{E24C65DC-7377-472B-9ABA-BC803B73C61A}") = "Alpaca.DogFound", "Alpaca.DogFound\", "{A471CB4A-5999-4944-853E-B19D5E70D173}"
	ProjectSection(WebsiteProperties) = preProject
		TargetFrameworkMoniker = ".NETFramework,Version%3Dv4.5"
		Debug.AspNetCompiler.VirtualPath = "/localhost_13033"
		Debug.AspNetCompiler.PhysicalPath = "Alpaca.DogFound\"
		Debug.AspNetCompiler.TargetPath = "PrecompiledWeb\localhost_13033\"
		Debug.AspNetCompiler.Updateable = "true"
		Debug.AspNetCompiler.ForceOverwrite = "true"
		Debug.AspNetCompiler.FixedNames = "false"
		Debug.AspNetCompiler.Debug = "True"
		Release.AspNetCompiler.VirtualPath = "/localhost_13033"
		Release.AspNetCompiler.PhysicalPath = "Alpaca.DogFound\"
		Release.AspNetCompiler.TargetPath = "PrecompiledWeb\localhost_13033\"
		Release.AspNetCompiler.Updateable = "true"
		Release.AspNetCompiler.ForceOverwrite = "true"
		Release.AspNetCompiler.FixedNames = "false"
		Release.AspNetCompiler.Debug = "False"
		VWDPort = "13033"
		SlnRelativePath = "Alpaca.DogFound\"
	EndProjectSection
EndProject
Project("{E24C65DC-7377-472B-9ABA-BC803B73C61A}") = "TrackUp.Services", "TrackUp.Services\", "{F9979D10-4E3C-4D5C-857D-BBB137F1CDBA}"
	ProjectSection(WebsiteProperties) = preProject
		TargetFrameworkMoniker = ".NETFramework,Version%3Dv4.5.2"
		Debug.AspNetCompiler.VirtualPath = "/localhost_13034"
		Debug.AspNetCompiler.PhysicalPath = "TrackUp.Services\"
		Debug.AspNetCompiler.TargetPath = "PrecompiledWeb\localhost_13034\"
		Debug.AspNetCompiler.Updateable = "true"
		Debug.AspNetCompiler.ForceOverwrite = "true"
		Debug.AspNetCompiler.FixedNames = "false"
		Debug.AspNetCompiler.Debug = "True"
		Release.AspNetCompiler.VirtualPath = "/localhost_13034"
		Release.AspNetCompiler.PhysicalPath = "TrackUp.Services\"
		Release.AspNetCompiler.TargetPath = "PrecompiledWeb\localhost_13034\"
		Release.AspNetCompiler.Updateable = "true"
		Release.AspNetCompiler.ForceOverwrite = "true"
		Release.AspNetCompiler.FixedNames = "false"
		Release.AspNetCompiler.Debug = "False"
		VWDPort = "13034"
		SlnRelativePath = "TrackUp.Services\"
	EndProjectSection
EndProject
Project("{E24C65DC-7377-472B-9ABA-BC803B73C61A}") = "TrackUp.Web", "TrackUp.Web\", "{AF31F2E2-1221-4F2A-95AD-98428BAB80FF}"
	ProjectSection(WebsiteProperties) = preProject
		TargetFrameworkMoniker = ".NETFramework,Version%3Dv4.0"
		Debug.AspNetCompiler.VirtualPath = "/localhost_13035"
		Debug.AspNetCompiler.PhysicalPath = "TrackUp.Web\"
		Debug.AspNetCompiler.TargetPath = "PrecompiledWeb\localhost_13035\"
		Debug.AspNetCompiler.Updateable = "true"
		Debug.AspNetCompiler.ForceOverwrite = "true"
		Debug.AspNetCompiler.FixedNames = "false"
		Debug.AspNetCompiler.Debug = "True"
		Release.AspNetCompiler.VirtualPath = "/localhost_13035"
		Release.AspNetCompiler.PhysicalPath = "TrackUp.Web\"
		Release.AspNetCompiler.TargetPath = "PrecompiledWeb\localhost_13035\"
		Release.AspNetCompiler.Updateable = "true"
		Release.AspNetCompiler.ForceOverwrite = "true"
		Release.AspNetCompiler.FixedNames = "false"
		Release.AspNetCompiler.Debug = "False"
		VWDPort = "13035"
		SlnRelativePath = "TrackUp.Web\"
	EndProjectSection
EndProject
Global
	GlobalSection(SolutionConfigurationPlatforms) = preSolution
		Debug|Any CPU = Debug|Any CPU
	EndGlobalSection
	GlobalSection(ProjectConfigurationPlatforms) = postSolution
		{A471CB4A-5999-4944-853E-B19D5E70D173}.Debug|Any CPU.ActiveCfg = Debug|Any CPU
		{A471CB4A-5999-4944-853E-B19D5E70D173}.Debug|Any CPU.Build.0 = Debug|Any CPU
		{F9979D10-4E3C-4D5C-857D-BBB137F1CDBA}.Debug|Any CPU.ActiveCfg = Debug|Any CPU
		{F9979D10-4E3C-4D5C-857D-BBB137F1CDBA}.Debug|Any CPU.Build.0 = Debug|Any CPU
		{AF31F2E2-1221-4F2A-95AD-98428BAB80FF}.Debug|Any CPU.ActiveCfg = Debug|Any CPU
		{AF31F2E2-1221-4F2A-95AD-98428BAB80FF}.Debug|Any CPU.Build.0 = Debug|Any CPU
	EndGlobalSection
	GlobalSection(SolutionProperties) = preSolution
		HideSolutionNode = FALSE
	EndGlobalSection
EndGlobal
